
Microsoft Visual Studio Solution File, Format Version 12.00
# Visual Studio Version 16
VisualStudioVersion = 16.0.32002.261
MinimumVisualStudioVersion = 10.0.40219.1
Project("{FAE04EC0-301F-11D3-BF4B-00C04F79EFBC}") = "Day09Code", "Day09Code.csproj", "{028BE918-BE08-44AE-A913-E0FF87B25D69}"
EndProject
Project("{FAE04EC0-301F-11D3-BF4B-00C04F79EFBC}") = "Day09Test", "..\Day09Test\Day09Test.csproj", "{25D4A467-BE2D-40AC-8284-9A58FE7DA480}"
EndProject
Global
	GlobalSection(SolutionConfigurationPlatforms) = preSolution
		Debug|Any CPU = Debug|Any CPU
		Release|Any CPU = Release|Any CPU
	EndGlobalSection
	GlobalSection(ProjectConfigurationPlatforms) = postSolution
		{028BE918-BE08-44AE-A913-E0FF87B25D69}.Debug|Any CPU.ActiveCfg = Debug|Any CPU
		{028BE918-BE08-44AE-A913-E0FF87B25D69}.Debug|Any CPU.Build.0 = Debug|Any CPU
		{028BE918-BE08-44AE-A913-E0FF87B25D69}.Release|Any CPU.ActiveCfg = Release|Any CPU
		{028BE918-BE08-44AE-A913-E0FF87B25D69}.Release|Any CPU.Build.0 = Release|Any CPU
		{25D4A467-BE2D-40AC-8284-9A58FE7DA480}.Debug|Any CPU.ActiveCfg = Debug|Any CPU
		{25D4A467-BE2D-40AC-8284-9A58FE7DA480}.Debug|Any CPU.Build.0 = Debug|Any CPU
		{25D4A467-BE2D-40AC-8284-9A58FE7DA480}.Release|Any CPU.ActiveCfg = Release|Any CPU
		{25D4A467-BE2D-40AC-8284-9A58FE7DA480}.Release|Any CPU.Build.0 = Release|Any CPU
	EndGlobalSection
	GlobalSection(SolutionProperties) = preSolution
		HideSolutionNode = FALSE
	EndGlobalSection
	GlobalSection(ExtensibilityGlobals) = postSolution
		SolutionGuid = {6FF93DC5-881C-4BA0-9E6F-E2E5CCBBFD1A}
	EndGlobalSection
EndGlobal
