
Microsoft Visual Studio Solution File, Format Version 12.00
# Visual Studio Version 17
VisualStudioVersion = 17.4.33205.214
MinimumVisualStudioVersion = 10.0.40219.1
Project("{FAE04EC0-301F-11D3-BF4B-00C04F79EFBC}") = "Day13Code", "Day13Code\Day13Code.csproj", "{95611BFC-52FF-4A0B-8CC8-38034B0E24FA}"
EndProject
Project("{FAE04EC0-301F-11D3-BF4B-00C04F79EFBC}") = "Day13Test", "Day13Test\Day13Test.csproj", "{E8356056-E700-4771-B5C6-70612896BE78}"
EndProject
Global
	GlobalSection(SolutionConfigurationPlatforms) = preSolution
		Debug|Any CPU = Debug|Any CPU
		Release|Any CPU = Release|Any CPU
	EndGlobalSection
	GlobalSection(ProjectConfigurationPlatforms) = postSolution
		{95611BFC-52FF-4A0B-8CC8-38034B0E24FA}.Debug|Any CPU.ActiveCfg = Debug|Any CPU
		{95611BFC-52FF-4A0B-8CC8-38034B0E24FA}.Debug|Any CPU.Build.0 = Debug|Any CPU
		{95611BFC-52FF-4A0B-8CC8-38034B0E24FA}.Release|Any CPU.ActiveCfg = Release|Any CPU
		{95611BFC-52FF-4A0B-8CC8-38034B0E24FA}.Release|Any CPU.Build.0 = Release|Any CPU
		{E8356056-E700-4771-B5C6-70612896BE78}.Debug|Any CPU.ActiveCfg = Debug|Any CPU
		{E8356056-E700-4771-B5C6-70612896BE78}.Debug|Any CPU.Build.0 = Debug|Any CPU
		{E8356056-E700-4771-B5C6-70612896BE78}.Release|Any CPU.ActiveCfg = Release|Any CPU
		{E8356056-E700-4771-B5C6-70612896BE78}.Release|Any CPU.Build.0 = Release|Any CPU
	EndGlobalSection
	GlobalSection(SolutionProperties) = preSolution
		HideSolutionNode = FALSE
	EndGlobalSection
	GlobalSection(ExtensibilityGlobals) = postSolution
		SolutionGuid = {C46BE4C9-8B33-403D-982A-39F052CC9B9F}
	EndGlobalSection
EndGlobal
