
Microsoft Visual Studio Solution File, Format Version 12.00
# Visual Studio Version 17
VisualStudioVersion = 17.4.33205.214
MinimumVisualStudioVersion = 10.0.40219.1
Project("{FAE04EC0-301F-11D3-BF4B-00C04F79EFBC}") = "Day11Code", "Day11Code\Day11Code.csproj", "{DB9E750C-86FA-48DB-BF43-D276FB528CDE}"
EndProject
Project("{FAE04EC0-301F-11D3-BF4B-00C04F79EFBC}") = "Day11Test", "Day11Test\Day11Test.csproj", "{AC0BCEE8-0A71-44FE-BBCE-834EF00729EE}"
EndProject
Global
	GlobalSection(SolutionConfigurationPlatforms) = preSolution
		Debug|Any CPU = Debug|Any CPU
		Release|Any CPU = Release|Any CPU
	EndGlobalSection
	GlobalSection(ProjectConfigurationPlatforms) = postSolution
		{DB9E750C-86FA-48DB-BF43-D276FB528CDE}.Debug|Any CPU.ActiveCfg = Debug|Any CPU
		{DB9E750C-86FA-48DB-BF43-D276FB528CDE}.Debug|Any CPU.Build.0 = Debug|Any CPU
		{DB9E750C-86FA-48DB-BF43-D276FB528CDE}.Release|Any CPU.ActiveCfg = Release|Any CPU
		{DB9E750C-86FA-48DB-BF43-D276FB528CDE}.Release|Any CPU.Build.0 = Release|Any CPU
		{AC0BCEE8-0A71-44FE-BBCE-834EF00729EE}.Debug|Any CPU.ActiveCfg = Debug|Any CPU
		{AC0BCEE8-0A71-44FE-BBCE-834EF00729EE}.Debug|Any CPU.Build.0 = Debug|Any CPU
		{AC0BCEE8-0A71-44FE-BBCE-834EF00729EE}.Release|Any CPU.ActiveCfg = Release|Any CPU
		{AC0BCEE8-0A71-44FE-BBCE-834EF00729EE}.Release|Any CPU.Build.0 = Release|Any CPU
	EndGlobalSection
	GlobalSection(SolutionProperties) = preSolution
		HideSolutionNode = FALSE
	EndGlobalSection
	GlobalSection(ExtensibilityGlobals) = postSolution
		SolutionGuid = {1ACA8AFD-E0A2-4BA5-A94A-FDFB90E5C16F}
	EndGlobalSection
EndGlobal
