
Microsoft Visual Studio Solution File, Format Version 12.00
# Visual Studio Version 16
VisualStudioVersion = 16.0.31911.196
MinimumVisualStudioVersion = 10.0.40219.1
Project("{FAE04EC0-301F-11D3-BF4B-00C04F79EFBC}") = "Day04Code", "Day04Code.csproj", "{A296E60F-CEC8-4BEB-A32D-68DCFBD4D414}"
EndProject
Project("{FAE04EC0-301F-11D3-BF4B-00C04F79EFBC}") = "Day04Test", "..\Day04Test\Day04Test.csproj", "{4A982A80-D438-479D-A67B-AF79691782EF}"
EndProject
Global
	GlobalSection(SolutionConfigurationPlatforms) = preSolution
		Debug|Any CPU = Debug|Any CPU
		Release|Any CPU = Release|Any CPU
	EndGlobalSection
	GlobalSection(ProjectConfigurationPlatforms) = postSolution
		{A296E60F-CEC8-4BEB-A32D-68DCFBD4D414}.Debug|Any CPU.ActiveCfg = Debug|Any CPU
		{A296E60F-CEC8-4BEB-A32D-68DCFBD4D414}.Debug|Any CPU.Build.0 = Debug|Any CPU
		{A296E60F-CEC8-4BEB-A32D-68DCFBD4D414}.Release|Any CPU.ActiveCfg = Release|Any CPU
		{A296E60F-CEC8-4BEB-A32D-68DCFBD4D414}.Release|Any CPU.Build.0 = Release|Any CPU
		{4A982A80-D438-479D-A67B-AF79691782EF}.Debug|Any CPU.ActiveCfg = Debug|Any CPU
		{4A982A80-D438-479D-A67B-AF79691782EF}.Debug|Any CPU.Build.0 = Debug|Any CPU
		{4A982A80-D438-479D-A67B-AF79691782EF}.Release|Any CPU.ActiveCfg = Release|Any CPU
		{4A982A80-D438-479D-A67B-AF79691782EF}.Release|Any CPU.Build.0 = Release|Any CPU
	EndGlobalSection
	GlobalSection(SolutionProperties) = preSolution
		HideSolutionNode = FALSE
	EndGlobalSection
	GlobalSection(ExtensibilityGlobals) = postSolution
		SolutionGuid = {2F795851-FD6D-463D-9E95-D2F4730F0E91}
	EndGlobalSection
EndGlobal
