
Microsoft Visual Studio Solution File, Format Version 12.00
# Visual Studio Version 17
VisualStudioVersion = 17.4.33205.214
MinimumVisualStudioVersion = 10.0.40219.1
Project("{FAE04EC0-301F-11D3-BF4B-00C04F79EFBC}") = "Day12Code", "Day12Code\Day12Code.csproj", "{769B8AC4-681F-46C9-A848-AAB958A56EDE}"
EndProject
Project("{FAE04EC0-301F-11D3-BF4B-00C04F79EFBC}") = "Day12Test", "Day12Test\Day12Test.csproj", "{A8DDE237-C4EE-4146-A017-C02075CEB241}"
	ProjectSection(ProjectDependencies) = postProject
		{769B8AC4-681F-46C9-A848-AAB958A56EDE} = {769B8AC4-681F-46C9-A848-AAB958A56EDE}
	EndProjectSection
EndProject
Global
	GlobalSection(SolutionConfigurationPlatforms) = preSolution
		Debug|Any CPU = Debug|Any CPU
		Release|Any CPU = Release|Any CPU
	EndGlobalSection
	GlobalSection(ProjectConfigurationPlatforms) = postSolution
		{769B8AC4-681F-46C9-A848-AAB958A56EDE}.Debug|Any CPU.ActiveCfg = Debug|Any CPU
		{769B8AC4-681F-46C9-A848-AAB958A56EDE}.Debug|Any CPU.Build.0 = Debug|Any CPU
		{769B8AC4-681F-46C9-A848-AAB958A56EDE}.Release|Any CPU.ActiveCfg = Release|Any CPU
		{769B8AC4-681F-46C9-A848-AAB958A56EDE}.Release|Any CPU.Build.0 = Release|Any CPU
		{A8DDE237-C4EE-4146-A017-C02075CEB241}.Debug|Any CPU.ActiveCfg = Debug|Any CPU
		{A8DDE237-C4EE-4146-A017-C02075CEB241}.Debug|Any CPU.Build.0 = Debug|Any CPU
		{A8DDE237-C4EE-4146-A017-C02075CEB241}.Release|Any CPU.ActiveCfg = Release|Any CPU
		{A8DDE237-C4EE-4146-A017-C02075CEB241}.Release|Any CPU.Build.0 = Release|Any CPU
	EndGlobalSection
	GlobalSection(SolutionProperties) = preSolution
		HideSolutionNode = FALSE
	EndGlobalSection
	GlobalSection(ExtensibilityGlobals) = postSolution
		SolutionGuid = {25640048-86D7-4A2A-9D46-8042A7400511}
	EndGlobalSection
EndGlobal
